
Microsoft Visual Studio Solution File, Format Version 12.00
# Visual Studio Version 17
VisualStudioVersion = 17.2.32526.322
MinimumVisualStudioVersion = 10.0.40219.1
Project("{FAE04EC0-301F-11D3-BF4B-00C04F79EFBC}") = "Stack_Using_Linked_List", "Stack_Using_Linked_List\Stack_Using_Linked_List.csproj", "{5650E57C-B58D-4165-8886-40D46935E432}"
EndProject
Global
	GlobalSection(SolutionConfigurationPlatforms) = preSolution
		Debug|Any CPU = Debug|Any CPU
		Release|Any CPU = Release|Any CPU
	EndGlobalSection
	GlobalSection(ProjectConfigurationPlatforms) = postSolution
		{5650E57C-B58D-4165-8886-40D46935E432}.Debug|Any CPU.ActiveCfg = Debug|Any CPU
		{5650E57C-B58D-4165-8886-40D46935E432}.Debug|Any CPU.Build.0 = Debug|Any CPU
		{5650E57C-B58D-4165-8886-40D46935E432}.Release|Any CPU.ActiveCfg = Release|Any CPU
		{5650E57C-B58D-4165-8886-40D46935E432}.Release|Any CPU.Build.0 = Release|Any CPU
	EndGlobalSection
	GlobalSection(SolutionProperties) = preSolution
		HideSolutionNode = FALSE
	EndGlobalSection
	GlobalSection(ExtensibilityGlobals) = postSolution
		SolutionGuid = {D61F8C8E-6EB7-4DA8-A583-9C27050715DB}
	EndGlobalSection
EndGlobal
